
Microsoft Visual Studio Solution File, Format Version 12.00
# Visual Studio Version 16
VisualStudioVersion = 16.0.31829.152
MinimumVisualStudioVersion = 10.0.40219.1
Project("{FAE04EC0-301F-11D3-BF4B-00C04F79EFBC}") = "test1", "test1\test1.csproj", "{F70EDF75-19AC-4DAA-9F1C-F57A4D6D01FF}"
EndProject
Global
	GlobalSection(SolutionConfigurationPlatforms) = preSolution
		Debug|Any CPU = Debug|Any CPU
		Release|Any CPU = Release|Any CPU
	EndGlobalSection
	GlobalSection(ProjectConfigurationPlatforms) = postSolution
		{F70EDF75-19AC-4DAA-9F1C-F57A4D6D01FF}.Debug|Any CPU.ActiveCfg = Debug|Any CPU
		{F70EDF75-19AC-4DAA-9F1C-F57A4D6D01FF}.Debug|Any CPU.Build.0 = Debug|Any CPU
		{F70EDF75-19AC-4DAA-9F1C-F57A4D6D01FF}.Release|Any CPU.ActiveCfg = Release|Any CPU
		{F70EDF75-19AC-4DAA-9F1C-F57A4D6D01FF}.Release|Any CPU.Build.0 = Release|Any CPU
	EndGlobalSection
	GlobalSection(SolutionProperties) = preSolution
		HideSolutionNode = FALSE
	EndGlobalSection
	GlobalSection(ExtensibilityGlobals) = postSolution
		SolutionGuid = {BA7EA63E-6744-483B-80E5-3F2F8CAC4AB5}
	EndGlobalSection
EndGlobal
